
Microsoft Visual Studio Solution File, Format Version 12.00
# Visual Studio Version 17
VisualStudioVersion = 17.8.34330.188
MinimumVisualStudioVersion = 10.0.40219.1
Project("{FAE04EC0-301F-11D3-BF4B-00C04F79EFBC}") = "LibraryApp", "LibraryApp\LibraryApp.csproj", "{9FE8AAE0-E892-4FD2-A94A-F4DEA7CBA433}"
EndProject
Project("{FAE04EC0-301F-11D3-BF4B-00C04F79EFBC}") = "Domain", "Domain\Domain.csproj", "{9FEB25E4-E776-4465-B692-03DCC9652EE4}"
EndProject
Project("{FAE04EC0-301F-11D3-BF4B-00C04F79EFBC}") = "Repository", "Repository\Repository.csproj", "{7BEC0591-C83F-4969-9D1D-2D3AE4CC4136}"
EndProject
Project("{FAE04EC0-301F-11D3-BF4B-00C04F79EFBC}") = "Service", "Service\Service.csproj", "{5BCE23FB-19E7-4448-A648-6B5C6E006AC1}"
EndProject
Global
	GlobalSection(SolutionConfigurationPlatforms) = preSolution
		Debug|Any CPU = Debug|Any CPU
		Release|Any CPU = Release|Any CPU
	EndGlobalSection
	GlobalSection(ProjectConfigurationPlatforms) = postSolution
		{9FE8AAE0-E892-4FD2-A94A-F4DEA7CBA433}.Debug|Any CPU.ActiveCfg = Debug|Any CPU
		{9FE8AAE0-E892-4FD2-A94A-F4DEA7CBA433}.Debug|Any CPU.Build.0 = Debug|Any CPU
		{9FE8AAE0-E892-4FD2-A94A-F4DEA7CBA433}.Release|Any CPU.ActiveCfg = Release|Any CPU
		{9FE8AAE0-E892-4FD2-A94A-F4DEA7CBA433}.Release|Any CPU.Build.0 = Release|Any CPU
		{9FEB25E4-E776-4465-B692-03DCC9652EE4}.Debug|Any CPU.ActiveCfg = Debug|Any CPU
		{9FEB25E4-E776-4465-B692-03DCC9652EE4}.Debug|Any CPU.Build.0 = Debug|Any CPU
		{9FEB25E4-E776-4465-B692-03DCC9652EE4}.Release|Any CPU.ActiveCfg = Release|Any CPU
		{9FEB25E4-E776-4465-B692-03DCC9652EE4}.Release|Any CPU.Build.0 = Release|Any CPU
		{7BEC0591-C83F-4969-9D1D-2D3AE4CC4136}.Debug|Any CPU.ActiveCfg = Debug|Any CPU
		{7BEC0591-C83F-4969-9D1D-2D3AE4CC4136}.Debug|Any CPU.Build.0 = Debug|Any CPU
		{7BEC0591-C83F-4969-9D1D-2D3AE4CC4136}.Release|Any CPU.ActiveCfg = Release|Any CPU
		{7BEC0591-C83F-4969-9D1D-2D3AE4CC4136}.Release|Any CPU.Build.0 = Release|Any CPU
		{5BCE23FB-19E7-4448-A648-6B5C6E006AC1}.Debug|Any CPU.ActiveCfg = Debug|Any CPU
		{5BCE23FB-19E7-4448-A648-6B5C6E006AC1}.Debug|Any CPU.Build.0 = Debug|Any CPU
		{5BCE23FB-19E7-4448-A648-6B5C6E006AC1}.Release|Any CPU.ActiveCfg = Release|Any CPU
		{5BCE23FB-19E7-4448-A648-6B5C6E006AC1}.Release|Any CPU.Build.0 = Release|Any CPU
	EndGlobalSection
	GlobalSection(SolutionProperties) = preSolution
		HideSolutionNode = FALSE
	EndGlobalSection
	GlobalSection(ExtensibilityGlobals) = postSolution
		SolutionGuid = {E854E441-1FBE-4E46-948E-60A1862E68BC}
	EndGlobalSection
EndGlobal
